// !$*UTF8*$!
{
	archiveVersion = 1;
	classes = {
	};
	objectVersion = 46;
	objects = {

/* Begin PBXBuildFile section */
		3414CE061B3A42E600DCE671 /* main.m in Sources */ = {isa = PBXBuildFile; fileRef = 3414CE051B3A42E600DCE671 /* main.m */; };
		3414CE091B3A42E600DCE671 /* AppDelegate.m in Sources */ = {isa = PBXBuildFile; fileRef = 3414CE081B3A42E600DCE671 /* AppDelegate.m */; };
		3414CE0C1B3A42E600DCE671 /* ViewController.m in Sources */ = {isa = PBXBuildFile; fileRef = 3414CE0B1B3A42E600DCE671 /* ViewController.m */; };
		3414CE0F1B3A42E600DCE671 /* Main.storyboard in Resources */ = {isa = PBXBuildFile; fileRef = 3414CE0D1B3A42E600DCE671 /* Main.storyboard */; };
		3414CE111B3A42E600DCE671 /* Images.xcassets in Resources */ = {isa = PBXBuildFile; fileRef = 3414CE101B3A42E600DCE671 /* Images.xcassets */; };
		3414CE141B3A42E600DCE671 /* LaunchScreen.xib in Resources */ = {isa = PBXBuildFile; fileRef = 3414CE121B3A42E600DCE671 /* LaunchScreen.xib */; };
		3414CE201B3A42E700DCE671 /* LearnGitTests.m in Sources */ = {isa = PBXBuildFile; fileRef = 3414CE1F1B3A42E700DCE671 /* LearnGitTests.m */; };
		3414CE2E1B3A45C000DCE671 /* MyView.m in Sources */ = {isa = PBXBuildFile; fileRef = 3414CE2D1B3A45C000DCE671 /* MyView.m */; };
/* End PBXBuildFile section */

/* Begin PBXContainerItemProxy section */
		3414CE1A1B3A42E700DCE671 /* PBXContainerItemProxy */ = {
			isa = PBXContainerItemProxy;
			containerPortal = 3414CDF81B3A42E600DCE671 /* Project object */;
			proxyType = 1;
			remoteGlobalIDString = 3414CDFF1B3A42E600DCE671;
			remoteInfo = LearnGit;
		};
/* End PBXContainerItemProxy section */

/* Begin PBXFileReference section */
		3414CE001B3A42E600DCE671 /* LearnGit.app */ = {isa = PBXFileReference; explicitFileType = wrapper.application; includeInIndex = 0; path = LearnGit.app; sourceTree = BUILT_PRODUCTS_DIR; };
		3414CE041B3A42E600DCE671 /* Info.plist */ = {isa = PBXFileReference; lastKnownFileType = text.plist.xml; path = Info.plist; sourceTree = "<group>"; };
		3414CE051B3A42E600DCE671 /* main.m */ = {isa = PBXFileReference; lastKnownFileType = sourcecode.c.objc; path = main.m; sourceTree = "<group>"; };
		3414CE071B3A42E600DCE671 /* AppDelegate.h */ = {isa = PBXFileReference; lastKnownFileType = sourcecode.c.h; path = AppDelegate.h; sourceTree = "<group>"; };
		3414CE081B3A42E600DCE671 /* AppDelegate.m */ = {isa = PBXFileReference; lastKnownFileType = sourcecode.c.objc; path = AppDelegate.m; sourceTree = "<group>"; };
		3414CE0A1B3A42E600DCE671 /* ViewController.h */ = {isa = PBXFileReference; lastKnownFileType = sourcecode.c.h; path = ViewController.h; sourceTree = "<group>"; };
		3414CE0B1B3A42E600DCE671 /* ViewController.m */ = {isa = PBXFileReference; lastKnownFileType = sourcecode.c.objc; path = ViewController.m; sourceTree = "<group>"; };
		3414CE0E1B3A42E600DCE671 /* Base */ = {isa = PBXFileReference; lastKnownFileType = file.storyboard; name = Base; path = Base.lproj/Main.storyboard; sourceTree = "<group>"; };
		3414CE101B3A42E600DCE671 /* Images.xcassets */ = {isa = PBXFileReference; lastKnownFileType = folder.assetcatalog; path = Images.xcassets; sourceTree = "<group>"; };
		3414CE131B3A42E600DCE671 /* Base */ = {isa = PBXFileReference; lastKnownFileType = file.xib; name = Base; path = Base.lproj/LaunchScreen.xib; sourceTree = "<group>"; };
		3414CE191B3A42E700DCE671 /* LearnGitTests.xctest */ = {isa = PBXFileReference; explicitFileType = wrapper.cfbundle; includeInIndex = 0; path = LearnGitTests.xctest; sourceTree = BUILT_PRODUCTS_DIR; };
		3414CE1E1B3A42E700DCE671 /* Info.plist */ = {isa = PBXFileReference; lastKnownFileType = text.plist.xml; path = Info.plist; sourceTree = "<group>"; };
		3414CE1F1B3A42E700DCE671 /* LearnGitTests.m */ = {isa = PBXFileReference; lastKnownFileType = sourcecode.c.objc; path = LearnGitTests.m; sourceTree = "<group>"; };
		3414CE2C1B3A45C000DCE671 /* MyView.h */ = {isa = PBXFileReference; fileEncoding = 4; lastKnownFileType = sourcecode.c.h; path = MyView.h; sourceTree = "<group>"; };
		3414CE2D1B3A45C000DCE671 /* MyView.m */ = {isa = PBXFileReference; fileEncoding = 4; lastKnownFileType = sourcecode.c.objc; path = MyView.m; sourceTree = "<group>"; };
/* End PBXFileReference section */

/* Begin PBXFrameworksBuildPhase section */
		3414CDFD1B3A42E600DCE671 /* Frameworks */ = {
			isa = PBXFrameworksBuildPhase;
			buildActionMask = 2147483647;
			files = (
			);
			runOnlyForDeploymentPostprocessing = 0;
		};
		3414CE161B3A42E700DCE671 /* Frameworks */ = {
			isa = PBXFrameworksBuildPhase;
			buildActionMask = 2147483647;
			files = (
			);
			runOnlyForDeploymentPostprocessing = 0;
		};
/* End PBXFrameworksBuildPhase section */

/* Begin PBXGroup section */
		3414CDF71B3A42E600DCE671 = {
			isa = PBXGroup;
			children = (
				3414CE021B3A42E600DCE671 /* LearnGit */,
				3414CE1C1B3A42E700DCE671 /* LearnGitTests */,
				3414CE011B3A42E600DCE671 /* Products */,
			);
			sourceTree = "<group>";
		};
		3414CE011B3A42E600DCE671 /* Products */ = {
			isa = PBXGroup;
			children = (
				3414CE001B3A42E600DCE671 /* LearnGit.app */,
				3414CE191B3A42E700DCE671 /* LearnGitTests.xctest */,
			);
			name = Products;
			sourceTree = "<group>";
		};
		3414CE021B3A42E600DCE671 /* LearnGit */ = {
			isa = PBXGroup;
			children = (
				3414CE071B3A42E600DCE671 /* AppDelegate.h */,
				3414CE081B3A42E600DCE671 /* AppDelegate.m */,
				3414CE0A1B3A42E600DCE671 /* ViewController.h */,
				3414CE2C1B3A45C000DCE671 /* MyView.h */,
				3414CE2D1B3A45C000DCE671 /* MyView.m */,
				3414CE0B1B3A42E600DCE671 /* ViewController.m */,
				3414CE0D1B3A42E600DCE671 /* Main.storyboard */,
				3414CE101B3A42E600DCE671 /* Images.xcassets */,
				3414CE121B3A42E600DCE671 /* LaunchScreen.xib */,
				3414CE031B3A42E600DCE671 /* Supporting Files */,
			);
			path = LearnGit;
			sourceTree = "<group>";
		};
		3414CE031B3A42E600DCE671 /* Supporting Files */ = {
			isa = PBXGroup;
			children = (
				3414CE041B3A42E600DCE671 /* Info.plist */,
				3414CE051B3A42E600DCE671 /* main.m */,
			);
			name = "Supporting Files";
			sourceTree = "<group>";
		};
		3414CE1C1B3A42E700DCE671 /* LearnGitTests */ = {
			isa = PBXGroup;
			children = (
				3414CE1F1B3A42E700DCE671 /* LearnGitTests.m */,
				3414CE1D1B3A42E700DCE671 /* Supporting Files */,
			);
			path = LearnGitTests;
			sourceTree = "<group>";
		};
		3414CE1D1B3A42E700DCE671 /* Supporting Files */ = {
			isa = PBXGroup;
			children = (
				3414CE1E1B3A42E700DCE671 /* Info.plist */,
			);
			name = "Supporting Files";
			sourceTree = "<group>";
		};
/* End PBXGroup section */

/* Begin PBXNativeTarget section */
		3414CDFF1B3A42E600DCE671 /* LearnGit */ = {
			isa = PBXNativeTarget;
			buildConfigurationList = 3414CE231B3A42E700DCE671 /* Build configuration list for PBXNativeTarget "LearnGit" */;
			buildPhases = (
				3414CDFC1B3A42E600DCE671 /* Sources */,
				3414CDFD1B3A42E600DCE671 /* Frameworks */,
				3414CDFE1B3A42E600DCE671 /* Resources */,
			);
			buildRules = (
			);
			dependencies = (
			);
			name = LearnGit;
			productName = LearnGit;
			productReference = 3414CE001B3A42E600DCE671 /* LearnGit.app */;
			productType = "com.apple.product-type.application";
		};
		3414CE181B3A42E700DCE671 /* LearnGitTests */ = {
			isa = PBXNativeTarget;
			buildConfigurationList = 3414CE261B3A42E700DCE671 /* Build configuration list for PBXNativeTarget "LearnGitTests" */;
			buildPhases = (
				3414CE151B3A42E700DCE671 /* Sources */,
				3414CE161B3A42E700DCE671 /* Frameworks */,
				3414CE171B3A42E700DCE671 /* Resources */,
			);
			buildRules = (
			);
			dependencies = (
				3414CE1B1B3A42E700DCE671 /* PBXTargetDependency */,
			);
			name = LearnGitTests;
			productName = LearnGitTests;
			productReference = 3414CE191B3A42E700DCE671 /* LearnGitTests.xctest */;
			productType = "com.apple.product-type.bundle.unit-test";
		};
/* End PBXNativeTarget section */

/* Begin PBXProject section */
		3414CDF81B3A42E600DCE671 /* Project object */ = {
			isa = PBXProject;
			attributes = {
				LastUpgradeCheck = 0610;
				ORGANIZATIONNAME = LXL;
				TargetAttributes = {
					3414CDFF1B3A42E600DCE671 = {
						CreatedOnToolsVersion = 6.1;
					};
					3414CE181B3A42E700DCE671 = {
						CreatedOnToolsVersion = 6.1;
						TestTargetID = 3414CDFF1B3A42E600DCE671;
					};
				};
			};
			buildConfigurationList = 3414CDFB1B3A42E600DCE671 /* Build configuration list for PBXProject "LearnGit" */;
			compatibilityVersion = "Xcode 3.2";
			developmentRegion = English;
			hasScannedForEncodings = 0;
			knownRegions = (
				en,
				Base,
			);
			mainGroup = 3414CDF71B3A42E600DCE671;
			productRefGroup = 3414CE011B3A42E600DCE671 /* Products */;
			projectDirPath = "";
			projectRoot = "";
			targets = (
				3414CDFF1B3A42E600DCE671 /* LearnGit */,
				3414CE181B3A42E700DCE671 /* LearnGitTests */,
			);
		};
/* End PBXProject section */

/* Begin PBXResourcesBuildPhase section */
		3414CDFE1B3A42E600DCE671 /* Resources */ = {
			isa = PBXResourcesBuildPhase;
			buildActionMask = 2147483647;
			files = (
				3414CE0F1B3A42E600DCE671 /* Main.storyboard in Resources */,
				3414CE141B3A42E600DCE671 /* LaunchScreen.xib in Resources */,
				3414CE111B3A42E600DCE671 /* Images.xcassets in Resources */,
			);
			runOnlyForDeploymentPostprocessing = 0;
		};
		3414CE171B3A42E700DCE671 /* Resources */ = {
			isa = PBXResourcesBuildPhase;
			buildActionMask = 2147483647;
			files = (
			);
			runOnlyForDeploymentPostprocessing = 0;
		};
/* End PBXResourcesBuildPhase section */

/* Begin PBXSourcesBuildPhase section */
		3414CDFC1B3A42E600DCE671 /* Sources */ = {
			isa = PBXSourcesBuildPhase;
			buildActionMask = 2147483647;
			files = (
				3414CE2E1B3A45C000DCE671 /* MyView.m in Sources */,
				3414CE0C1B3A42E600DCE671 /* ViewController.m in Sources */,
				3414CE091B3A42E600DCE671 /* AppDelegate.m in Sources */,
				3414CE061B3A42E600DCE671 /* main.m in Sources */,
			);
			runOnlyForDeploymentPostprocessing = 0;
		};
		3414CE151B3A42E700DCE671 /* Sources */ = {
			isa = PBXSourcesBuildPhase;
			buildActionMask = 2147483647;
			files = (
				3414CE201B3A42E700DCE671 /* LearnGitTests.m in Sources */,
			);
			runOnlyForDeploymentPostprocessing = 0;
		};
/* End PBXSourcesBuildPhase section */

/* Begin PBXTargetDependency section */
		3414CE1B1B3A42E700DCE671 /* PBXTargetDependency */ = {
			isa = PBXTargetDependency;
			target = 3414CDFF1B3A42E600DCE671 /* LearnGit */;
			targetProxy = 3414CE1A1B3A42E700DCE671 /* PBXContainerItemProxy */;
		};
/* End PBXTargetDependency section */

/* Begin PBXVariantGroup section */
		3414CE0D1B3A42E600DCE671 /* Main.storyboard */ = {
			isa = PBXVariantGroup;
			children = (
				3414CE0E1B3A42E600DCE671 /* Base */,
			);
			name = Main.storyboard;
			sourceTree = "<group>";
		};
		3414CE121B3A42E600DCE671 /* LaunchScreen.xib */ = {
			isa = PBXVariantGroup;
			children = (
				3414CE131B3A42E600DCE671 /* Base */,
			);
			name = LaunchScreen.xib;
			sourceTree = "<group>";
		};
/* End PBXVariantGroup section */

/* Begin XCBuildConfiguration section */
		3414CE211B3A42E700DCE671 /* Debug */ = {
			isa = XCBuildConfiguration;
			buildSettings = {
				ALWAYS_SEARCH_USER_PATHS = NO;
				CLANG_CXX_LANGUAGE_STANDARD = "gnu++0x";
				CLANG_CXX_LIBRARY = "libc++";
				CLANG_ENABLE_MODULES = YES;
				CLANG_ENABLE_OBJC_ARC = YES;
				CLANG_WARN_BOOL_CONVERSION = YES;
				CLANG_WARN_CONSTANT_CONVERSION = YES;
				CLANG_WARN_DIRECT_OBJC_ISA_USAGE = YES_ERROR;
				CLANG_WARN_EMPTY_BODY = YES;
				CLANG_WARN_ENUM_CONVERSION = YES;
				CLANG_WARN_INT_CONVERSION = YES;
				CLANG_WARN_OBJC_ROOT_CLASS = YES_ERROR;
				CLANG_WARN_UNREACHABLE_CODE = YES;
				CLANG_WARN__DUPLICATE_METHOD_MATCH = YES;
				"CODE_SIGN_IDENTITY[sdk=iphoneos*]" = "iPhone Developer";
				COPY_PHASE_STRIP = NO;
				ENABLE_STRICT_OBJC_MSGSEND = YES;
				GCC_C_LANGUAGE_STANDARD = gnu99;
				GCC_DYNAMIC_NO_PIC = NO;
				GCC_OPTIMIZATION_LEVEL = 0;
				GCC_PREPROCESSOR_DEFINITIONS = (
					"DEBUG=1",
					"$(inherited)",
				);
				GCC_SYMBOLS_PRIVATE_EXTERN = NO;
				GCC_WARN_64_TO_32_BIT_CONVERSION = YES;
				GCC_WARN_ABOUT_RETURN_TYPE = YES_ERROR;
				GCC_WARN_UNDECLARED_SELECTOR = YES;
				GCC_WARN_UNINITIALIZED_AUTOS = YES_AGGRESSIVE;
				GCC_WARN_UNUSED_FUNCTION = YES;
				GCC_WARN_UNUSED_VARIABLE = YES;
				IPHONEOS_DEPLOYMENT_TARGET = 8.1;
				MTL_ENABLE_DEBUG_INFO = YES;
				ONLY_ACTIVE_ARCH = YES;
				SDKROOT = iphoneos;
				TARGETED_DEVICE_FAMILY = "1,2";
			};
			name = Debug;
		};
		3414CE221B3A42E700DCE671 /* Release */ = {
			isa = XCBuildConfiguration;
			buildSettings = {
				ALWAYS_SEARCH_USER_PATHS = NO;
				CLANG_CXX_LANGUAGE_STANDARD = "gnu++0x";
				CLANG_CXX_LIBRARY = "libc++";
				CLANG_ENABLE_MODULES = YES;
				CLANG_ENABLE_OBJC_ARC = YES;
				CLANG_WARN_BOOL_CONVERSION = YES;
				CLANG_WARN_CONSTANT_CONVERSION = YES;
				CLANG_WARN_DIRECT_OBJC_ISA_USAGE = YES_ERROR;
				CLANG_WARN_EMPTY_BODY = YES;
				CLANG_WARN_ENUM_CONVERSION = YES;
				CLANG_WARN_INT_CONVERSION = YES;
				CLANG_WARN_OBJC_ROOT_CLASS = YES_ERROR;
				CLANG_WARN_UNREACHABLE_CODE = YES;
				CLANG_WARN__DUPLICATE_METHOD_MATCH = YES;
				"CODE_SIGN_IDENTITY[sdk=iphoneos*]" = "iPhone Developer";
				COPY_PHASE_STRIP = YES;
				ENABLE_NS_ASSERTIONS = NO;
				ENABLE_STRICT_OBJC_MSGSEND = YES;
				GCC_C_LANGUAGE_STANDARD = gnu99;
				GCC_WARN_64_TO_32_BIT_CONVERSION = YES;
				GCC_WARN_ABOUT_RETURN_TYPE = YES_ERROR;
				GCC_WARN_UNDECLARED_SELECTOR = YES;
				GCC_WARN_UNINITIALIZED_AUTOS = YES_AGGRESSIVE;
				GCC_WARN_UNUSED_FUNCTION = YES;
				GCC_WARN_UNUSED_VARIABLE = YES;
				IPHONEOS_DEPLOYMENT_TARGET = 8.1;
				MTL_ENABLE_DEBUG_INFO = NO;
				SDKROOT = iphoneos;
				TARGETED_DEVICE_FAMILY = "1,2";
				VALIDATE_PRODUCT = YES;
			};
			name = Release;
		};
		3414CE241B3A42E700DCE671 /* Debug */ = {
			isa = XCBuildConfiguration;
			buildSettings = {
				ASSETCATALOG_COMPILER_APPICON_NAME = AppIcon;
				INFOPLIST_FILE = LearnGit/Info.plist;
				LD_RUNPATH_SEARCH_PATHS = "$(inherited) @executable_path/Frameworks";
				PRODUCT_NAME = "$(TARGET_NAME)";
			};
			name = Debug;
		};
		3414CE251B3A42E700DCE671 /* Release */ = {
			isa = XCBuildConfiguration;
			buildSettings = {
				ASSETCATALOG_COMPILER_APPICON_NAME = AppIcon;
				INFOPLIST_FILE = LearnGit/Info.plist;
				LD_RUNPATH_SEARCH_PATHS = "$(inherited) @executable_path/Frameworks";
				PRODUCT_NAME = "$(TARGET_NAME)";
			};
			name = Release;
		};
		3414CE271B3A42E700DCE671 /* Debug */ = {
			isa = XCBuildConfiguration;
			buildSettings = {
				BUNDLE_LOADER = "$(TEST_HOST)";
				FRAMEWORK_SEARCH_PATHS = (
					"$(SDKROOT)/Developer/Library/Frameworks",
					"$(inherited)",
				);
				GCC_PREPROCESSOR_DEFINITIONS = (
					"DEBUG=1",
					"$(inherited)",
				);
				INFOPLIST_FILE = LearnGitTests/Info.plist;
				LD_RUNPATH_SEARCH_PATHS = "$(inherited) @executable_path/Frameworks @loader_path/Frameworks";
				PRODUCT_NAME = "$(TARGET_NAME)";
				TEST_HOST = "$(BUILT_PRODUCTS_DIR)/LearnGit.app/LearnGit";
			};
			name = Debug;
		};
		3414CE281B3A42E700DCE671 /* Release */ = {
			isa = XCBuildConfiguration;
			buildSettings = {
				BUNDLE_LOADER = "$(TEST_HOST)";
				FRAMEWORK_SEARCH_PATHS = (
					"$(SDKROOT)/Developer/Library/Frameworks",
					"$(inherited)",
				);
				INFOPLIST_FILE = LearnGitTests/Info.plist;
				LD_RUNPATH_SEARCH_PATHS = "$(inherited) @executable_path/Frameworks @loader_path/Frameworks";
				PRODUCT_NAME = "$(TARGET_NAME)";
				TEST_HOST = "$(BUILT_PRODUCTS_DIR)/LearnGit.app/LearnGit";
			};
			name = Release;
		};
/* End XCBuildConfiguration section */

/* Begin XCConfigurationList section */
		3414CDFB1B3A42E600DCE671 /* Build configuration list for PBXProject "LearnGit" */ = {
			isa = XCConfigurationList;
			buildConfigurations = (
				3414CE211B3A42E700DCE671 /* Debug */,
				3414CE221B3A42E700DCE671 /* Release */,
			);
			defaultConfigurationIsVisible = 0;
			defaultConfigurationName = Release;
		};
		3414CE231B3A42E700DCE671 /* Build configuration list for PBXNativeTarget "LearnGit" */ = {
			isa = XCConfigurationList;
			buildConfigurations = (
				3414CE241B3A42E700DCE671 /* Debug */,
				3414CE251B3A42E700DCE671 /* Release */,
			);
			defaultConfigurationIsVisible = 0;
		};
		3414CE261B3A42E700DCE671 /* Build configuration list for PBXNativeTarget "LearnGitTests" */ = {
			isa = XCConfigurationList;
			buildConfigurations = (
				3414CE271B3A42E700DCE671 /* Debug */,
				3414CE281B3A42E700DCE671 /* Release */,
			);
			defaultConfigurationIsVisible = 0;
		};
/* End XCConfigurationList section */
	};
	rootObject = 3414CDF81B3A42E600DCE671 /* Project object */;
}
